
Microsoft Visual Studio Solution File, Format Version 11.00
# Visual Studio 2010
Project("{FAE04EC0-301F-11D3-BF4B-00C04F79EFBC}") = "HxSoft.BLL", "HxSoft.BLL\HxSoft.BLL.csproj", "{E1AF53B0-3369-4D8E-B8C6-E7D9F6BF0A8B}"
EndProject
Project("{FAE04EC0-301F-11D3-BF4B-00C04F79EFBC}") = "HxSoft.ClassFactory", "HxSoft.ClassFactory\HxSoft.ClassFactory.csproj", "{1A5B469C-C338-481A-B19C-696F4C854B0A}"
EndProject
Project("{FAE04EC0-301F-11D3-BF4B-00C04F79EFBC}") = "HxSoft.Common", "HxSoft.Common\HxSoft.Common.csproj", "{E90E5A97-2652-4BE3-AA1E-FE90D3C58A49}"
EndProject
Project("{FAE04EC0-301F-11D3-BF4B-00C04F79EFBC}") = "HxSoft.DAL", "HxSoft.DAL\HxSoft.DAL.csproj", "{79EE74DB-AFA1-43F6-9A5C-14CD231B6F1D}"
EndProject
Project("{FAE04EC0-301F-11D3-BF4B-00C04F79EFBC}") = "HxSoft.Model", "HxSoft.Model\HxSoft.Model.csproj", "{DEAEAD96-247F-41A5-8AAD-5DB9DA68B037}"
EndProject
Project("{FAE04EC0-301F-11D3-BF4B-00C04F79EFBC}") = "HxSoft.Web", "HxSoft.Web\HxSoft.Web.csproj", "{2B8DEEFD-B70C-404E-88DC-A62B24EE0A24}"
EndProject
Project("{FAE04EC0-301F-11D3-BF4B-00C04F79EFBC}") = "FredCK.FCKeditorV2", "FredCK.FCKeditorV2\FredCK.FCKeditorV2.csproj", "{F6F32704-97E0-4006-A474-5A9729C6B1B4}"
EndProject
Global
	GlobalSection(SolutionConfigurationPlatforms) = preSolution
		Debug|Any CPU = Debug|Any CPU
		Debug|x64 = Debug|x64
		Debug|x86 = Debug|x86
		Release|Any CPU = Release|Any CPU
		Release|x64 = Release|x64
		Release|x86 = Release|x86
	EndGlobalSection
	GlobalSection(ProjectConfigurationPlatforms) = postSolution
		{E1AF53B0-3369-4D8E-B8C6-E7D9F6BF0A8B}.Debug|Any CPU.ActiveCfg = Debug|Any CPU
		{E1AF53B0-3369-4D8E-B8C6-E7D9F6BF0A8B}.Debug|Any CPU.Build.0 = Debug|Any CPU
		{E1AF53B0-3369-4D8E-B8C6-E7D9F6BF0A8B}.Debug|x64.ActiveCfg = Debug|x64
		{E1AF53B0-3369-4D8E-B8C6-E7D9F6BF0A8B}.Debug|x64.Build.0 = Debug|x64
		{E1AF53B0-3369-4D8E-B8C6-E7D9F6BF0A8B}.Debug|x86.ActiveCfg = Debug|x86
		{E1AF53B0-3369-4D8E-B8C6-E7D9F6BF0A8B}.Debug|x86.Build.0 = Debug|x86
		{E1AF53B0-3369-4D8E-B8C6-E7D9F6BF0A8B}.Release|Any CPU.ActiveCfg = Release|Any CPU
		{E1AF53B0-3369-4D8E-B8C6-E7D9F6BF0A8B}.Release|Any CPU.Build.0 = Release|Any CPU
		{E1AF53B0-3369-4D8E-B8C6-E7D9F6BF0A8B}.Release|x64.ActiveCfg = Release|x64
		{E1AF53B0-3369-4D8E-B8C6-E7D9F6BF0A8B}.Release|x64.Build.0 = Release|x64
		{E1AF53B0-3369-4D8E-B8C6-E7D9F6BF0A8B}.Release|x86.ActiveCfg = Release|x86
		{E1AF53B0-3369-4D8E-B8C6-E7D9F6BF0A8B}.Release|x86.Build.0 = Release|x86
		{1A5B469C-C338-481A-B19C-696F4C854B0A}.Debug|Any CPU.ActiveCfg = Debug|Any CPU
		{1A5B469C-C338-481A-B19C-696F4C854B0A}.Debug|Any CPU.Build.0 = Debug|Any CPU
		{1A5B469C-C338-481A-B19C-696F4C854B0A}.Debug|x64.ActiveCfg = Debug|x64
		{1A5B469C-C338-481A-B19C-696F4C854B0A}.Debug|x64.Build.0 = Debug|x64
		{1A5B469C-C338-481A-B19C-696F4C854B0A}.Debug|x86.ActiveCfg = Debug|x86
		{1A5B469C-C338-481A-B19C-696F4C854B0A}.Debug|x86.Build.0 = Debug|x86
		{1A5B469C-C338-481A-B19C-696F4C854B0A}.Release|Any CPU.ActiveCfg = Release|Any CPU
		{1A5B469C-C338-481A-B19C-696F4C854B0A}.Release|Any CPU.Build.0 = Release|Any CPU
		{1A5B469C-C338-481A-B19C-696F4C854B0A}.Release|x64.ActiveCfg = Release|x64
		{1A5B469C-C338-481A-B19C-696F4C854B0A}.Release|x64.Build.0 = Release|x64
		{1A5B469C-C338-481A-B19C-696F4C854B0A}.Release|x86.ActiveCfg = Release|x86
		{1A5B469C-C338-481A-B19C-696F4C854B0A}.Release|x86.Build.0 = Release|x86
		{E90E5A97-2652-4BE3-AA1E-FE90D3C58A49}.Debug|Any CPU.ActiveCfg = Debug|Any CPU
		{E90E5A97-2652-4BE3-AA1E-FE90D3C58A49}.Debug|Any CPU.Build.0 = Debug|Any CPU
		{E90E5A97-2652-4BE3-AA1E-FE90D3C58A49}.Debug|x64.ActiveCfg = Debug|x64
		{E90E5A97-2652-4BE3-AA1E-FE90D3C58A49}.Debug|x64.Build.0 = Debug|x64
		{E90E5A97-2652-4BE3-AA1E-FE90D3C58A49}.Debug|x86.ActiveCfg = Debug|x86
		{E90E5A97-2652-4BE3-AA1E-FE90D3C58A49}.Debug|x86.Build.0 = Debug|x86
		{E90E5A97-2652-4BE3-AA1E-FE90D3C58A49}.Release|Any CPU.ActiveCfg = Release|Any CPU
		{E90E5A97-2652-4BE3-AA1E-FE90D3C58A49}.Release|Any CPU.Build.0 = Release|Any CPU
		{E90E5A97-2652-4BE3-AA1E-FE90D3C58A49}.Release|x64.ActiveCfg = Release|x64
		{E90E5A97-2652-4BE3-AA1E-FE90D3C58A49}.Release|x64.Build.0 = Release|x64
		{E90E5A97-2652-4BE3-AA1E-FE90D3C58A49}.Release|x86.ActiveCfg = Release|x86
		{E90E5A97-2652-4BE3-AA1E-FE90D3C58A49}.Release|x86.Build.0 = Release|x86
		{79EE74DB-AFA1-43F6-9A5C-14CD231B6F1D}.Debug|Any CPU.ActiveCfg = Debug|Any CPU
		{79EE74DB-AFA1-43F6-9A5C-14CD231B6F1D}.Debug|Any CPU.Build.0 = Debug|Any CPU
		{79EE74DB-AFA1-43F6-9A5C-14CD231B6F1D}.Debug|x64.ActiveCfg = Debug|x64
		{79EE74DB-AFA1-43F6-9A5C-14CD231B6F1D}.Debug|x64.Build.0 = Debug|x64
		{79EE74DB-AFA1-43F6-9A5C-14CD231B6F1D}.Debug|x86.ActiveCfg = Debug|x86
		{79EE74DB-AFA1-43F6-9A5C-14CD231B6F1D}.Debug|x86.Build.0 = Debug|x86
		{79EE74DB-AFA1-43F6-9A5C-14CD231B6F1D}.Release|Any CPU.ActiveCfg = Release|Any CPU
		{79EE74DB-AFA1-43F6-9A5C-14CD231B6F1D}.Release|Any CPU.Build.0 = Release|Any CPU
		{79EE74DB-AFA1-43F6-9A5C-14CD231B6F1D}.Release|x64.ActiveCfg = Release|x64
		{79EE74DB-AFA1-43F6-9A5C-14CD231B6F1D}.Release|x64.Build.0 = Release|x64
		{79EE74DB-AFA1-43F6-9A5C-14CD231B6F1D}.Release|x86.ActiveCfg = Release|x86
		{79EE74DB-AFA1-43F6-9A5C-14CD231B6F1D}.Release|x86.Build.0 = Release|x86
		{DEAEAD96-247F-41A5-8AAD-5DB9DA68B037}.Debug|Any CPU.ActiveCfg = Debug|Any CPU
		{DEAEAD96-247F-41A5-8AAD-5DB9DA68B037}.Debug|Any CPU.Build.0 = Debug|Any CPU
		{DEAEAD96-247F-41A5-8AAD-5DB9DA68B037}.Debug|x64.ActiveCfg = Debug|x64
		{DEAEAD96-247F-41A5-8AAD-5DB9DA68B037}.Debug|x64.Build.0 = Debug|x64
		{DEAEAD96-247F-41A5-8AAD-5DB9DA68B037}.Debug|x86.ActiveCfg = Debug|x86
		{DEAEAD96-247F-41A5-8AAD-5DB9DA68B037}.Debug|x86.Build.0 = Debug|x86
		{DEAEAD96-247F-41A5-8AAD-5DB9DA68B037}.Release|Any CPU.ActiveCfg = Release|Any CPU
		{DEAEAD96-247F-41A5-8AAD-5DB9DA68B037}.Release|Any CPU.Build.0 = Release|Any CPU
		{DEAEAD96-247F-41A5-8AAD-5DB9DA68B037}.Release|x64.ActiveCfg = Release|x64
		{DEAEAD96-247F-41A5-8AAD-5DB9DA68B037}.Release|x64.Build.0 = Release|x64
		{DEAEAD96-247F-41A5-8AAD-5DB9DA68B037}.Release|x86.ActiveCfg = Release|x86
		{DEAEAD96-247F-41A5-8AAD-5DB9DA68B037}.Release|x86.Build.0 = Release|x86
		{2B8DEEFD-B70C-404E-88DC-A62B24EE0A24}.Debug|Any CPU.ActiveCfg = Debug|Any CPU
		{2B8DEEFD-B70C-404E-88DC-A62B24EE0A24}.Debug|Any CPU.Build.0 = Debug|Any CPU
		{2B8DEEFD-B70C-404E-88DC-A62B24EE0A24}.Debug|x64.ActiveCfg = Debug|x64
		{2B8DEEFD-B70C-404E-88DC-A62B24EE0A24}.Debug|x64.Build.0 = Debug|x64
		{2B8DEEFD-B70C-404E-88DC-A62B24EE0A24}.Debug|x86.ActiveCfg = Debug|x86
		{2B8DEEFD-B70C-404E-88DC-A62B24EE0A24}.Debug|x86.Build.0 = Debug|x86
		{2B8DEEFD-B70C-404E-88DC-A62B24EE0A24}.Release|Any CPU.ActiveCfg = Release|Any CPU
		{2B8DEEFD-B70C-404E-88DC-A62B24EE0A24}.Release|Any CPU.Build.0 = Release|Any CPU
		{2B8DEEFD-B70C-404E-88DC-A62B24EE0A24}.Release|x64.ActiveCfg = Release|x64
		{2B8DEEFD-B70C-404E-88DC-A62B24EE0A24}.Release|x64.Build.0 = Release|x64
		{2B8DEEFD-B70C-404E-88DC-A62B24EE0A24}.Release|x86.ActiveCfg = Release|x86
		{2B8DEEFD-B70C-404E-88DC-A62B24EE0A24}.Release|x86.Build.0 = Release|x86
		{F6F32704-97E0-4006-A474-5A9729C6B1B4}.Debug|Any CPU.ActiveCfg = Debug|Any CPU
		{F6F32704-97E0-4006-A474-5A9729C6B1B4}.Debug|Any CPU.Build.0 = Debug|Any CPU
		{F6F32704-97E0-4006-A474-5A9729C6B1B4}.Debug|x64.ActiveCfg = Debug|x64
		{F6F32704-97E0-4006-A474-5A9729C6B1B4}.Debug|x64.Build.0 = Debug|x64
		{F6F32704-97E0-4006-A474-5A9729C6B1B4}.Debug|x86.ActiveCfg = Debug|x86
		{F6F32704-97E0-4006-A474-5A9729C6B1B4}.Debug|x86.Build.0 = Debug|x86
		{F6F32704-97E0-4006-A474-5A9729C6B1B4}.Release|Any CPU.ActiveCfg = Release|Any CPU
		{F6F32704-97E0-4006-A474-5A9729C6B1B4}.Release|Any CPU.Build.0 = Release|Any CPU
		{F6F32704-97E0-4006-A474-5A9729C6B1B4}.Release|x64.ActiveCfg = Release|x64
		{F6F32704-97E0-4006-A474-5A9729C6B1B4}.Release|x64.Build.0 = Release|x64
		{F6F32704-97E0-4006-A474-5A9729C6B1B4}.Release|x86.ActiveCfg = Release|x86
		{F6F32704-97E0-4006-A474-5A9729C6B1B4}.Release|x86.Build.0 = Release|x86
	EndGlobalSection
	GlobalSection(SolutionProperties) = preSolution
		HideSolutionNode = FALSE
	EndGlobalSection
EndGlobal
